// !$*UTF8*$!
{
	archiveVersion = 1;
	classes = {
	};
	objectVersion = 46;
	objects = {

/* Begin PBXBuildFile section */
		FDB97DA71A97125400955FC9 /* AppDelegate.swift in Sources */ = {isa = PBXBuildFile; fileRef = FDB97DA61A97125400955FC9 /* AppDelegate.swift */; };
		FDB97DA91A97125400955FC9 /* ViewController.swift in Sources */ = {isa = PBXBuildFile; fileRef = FDB97DA81A97125400955FC9 /* ViewController.swift */; };
		FDB97DAC1A97125400955FC9 /* Main.storyboard in Resources */ = {isa = PBXBuildFile; fileRef = FDB97DAA1A97125400955FC9 /* Main.storyboard */; };
		FDB97DAE1A97125400955FC9 /* Images.xcassets in Resources */ = {isa = PBXBuildFile; fileRef = FDB97DAD1A97125400955FC9 /* Images.xcassets */; };
		FDB97DB11A97125400955FC9 /* LaunchScreen.xib in Resources */ = {isa = PBXBuildFile; fileRef = FDB97DAF1A97125400955FC9 /* LaunchScreen.xib */; };
		FDB97DBD1A97125400955FC9 /* CoreImageViewTests.swift in Sources */ = {isa = PBXBuildFile; fileRef = FDB97DBC1A97125400955FC9 /* CoreImageViewTests.swift */; };
		FDB97DC71A971C6300955FC9 /* image.jpeg in Resources */ = {isa = PBXBuildFile; fileRef = FDB97DC61A971C6300955FC9 /* image.jpeg */; };
/* End PBXBuildFile section */

/* Begin PBXContainerItemProxy section */
		FDB97DB71A97125400955FC9 /* PBXContainerItemProxy */ = {
			isa = PBXContainerItemProxy;
			containerPortal = FDB97D991A97125400955FC9 /* Project object */;
			proxyType = 1;
			remoteGlobalIDString = FDB97DA01A97125400955FC9;
			remoteInfo = CoreImageView;
		};
/* End PBXContainerItemProxy section */

/* Begin PBXFileReference section */
		FDB97DA11A97125400955FC9 /* CoreImageView.app */ = {isa = PBXFileReference; explicitFileType = wrapper.application; includeInIndex = 0; path = CoreImageView.app; sourceTree = BUILT_PRODUCTS_DIR; };
		FDB97DA51A97125400955FC9 /* Info.plist */ = {isa = PBXFileReference; lastKnownFileType = text.plist.xml; path = Info.plist; sourceTree = "<group>"; };
		FDB97DA61A97125400955FC9 /* AppDelegate.swift */ = {isa = PBXFileReference; lastKnownFileType = sourcecode.swift; path = AppDelegate.swift; sourceTree = "<group>"; };
		FDB97DA81A97125400955FC9 /* ViewController.swift */ = {isa = PBXFileReference; lastKnownFileType = sourcecode.swift; path = ViewController.swift; sourceTree = "<group>"; };
		FDB97DAB1A97125400955FC9 /* Base */ = {isa = PBXFileReference; lastKnownFileType = file.storyboard; name = Base; path = Base.lproj/Main.storyboard; sourceTree = "<group>"; };
		FDB97DAD1A97125400955FC9 /* Images.xcassets */ = {isa = PBXFileReference; lastKnownFileType = folder.assetcatalog; path = Images.xcassets; sourceTree = "<group>"; };
		FDB97DB01A97125400955FC9 /* Base */ = {isa = PBXFileReference; lastKnownFileType = file.xib; name = Base; path = Base.lproj/LaunchScreen.xib; sourceTree = "<group>"; };
		FDB97DB61A97125400955FC9 /* CoreImageViewTests.xctest */ = {isa = PBXFileReference; explicitFileType = wrapper.cfbundle; includeInIndex = 0; path = CoreImageViewTests.xctest; sourceTree = BUILT_PRODUCTS_DIR; };
		FDB97DBB1A97125400955FC9 /* Info.plist */ = {isa = PBXFileReference; lastKnownFileType = text.plist.xml; path = Info.plist; sourceTree = "<group>"; };
		FDB97DBC1A97125400955FC9 /* CoreImageViewTests.swift */ = {isa = PBXFileReference; lastKnownFileType = sourcecode.swift; path = CoreImageViewTests.swift; sourceTree = "<group>"; };
		FDB97DC61A971C6300955FC9 /* image.jpeg */ = {isa = PBXFileReference; lastKnownFileType = image.jpeg; name = image.jpeg; path = ../../image.jpeg; sourceTree = "<group>"; };
/* End PBXFileReference section */

/* Begin PBXFrameworksBuildPhase section */
		FDB97D9E1A97125400955FC9 /* Frameworks */ = {
			isa = PBXFrameworksBuildPhase;
			buildActionMask = 2147483647;
			files = (
			);
			runOnlyForDeploymentPostprocessing = 0;
		};
		FDB97DB31A97125400955FC9 /* Frameworks */ = {
			isa = PBXFrameworksBuildPhase;
			buildActionMask = 2147483647;
			files = (
			);
			runOnlyForDeploymentPostprocessing = 0;
		};
/* End PBXFrameworksBuildPhase section */

/* Begin PBXGroup section */
		FDB97D981A97125400955FC9 = {
			isa = PBXGroup;
			children = (
				FDB97DA31A97125400955FC9 /* CoreImageView */,
				FDB97DB91A97125400955FC9 /* CoreImageViewTests */,
				FDB97DA21A97125400955FC9 /* Products */,
			);
			sourceTree = "<group>";
		};
		FDB97DA21A97125400955FC9 /* Products */ = {
			isa = PBXGroup;
			children = (
				FDB97DA11A97125400955FC9 /* CoreImageView.app */,
				FDB97DB61A97125400955FC9 /* CoreImageViewTests.xctest */,
			);
			name = Products;
			sourceTree = "<group>";
		};
		FDB97DA31A97125400955FC9 /* CoreImageView */ = {
			isa = PBXGroup;
			children = (
				FDB97DA61A97125400955FC9 /* AppDelegate.swift */,
				FDB97DA81A97125400955FC9 /* ViewController.swift */,
				FDB97DAA1A97125400955FC9 /* Main.storyboard */,
				FDB97DAD1A97125400955FC9 /* Images.xcassets */,
				FDB97DAF1A97125400955FC9 /* LaunchScreen.xib */,
				FDB97DA41A97125400955FC9 /* Supporting Files */,
			);
			path = CoreImageView;
			sourceTree = "<group>";
		};
		FDB97DA41A97125400955FC9 /* Supporting Files */ = {
			isa = PBXGroup;
			children = (
				FDB97DC61A971C6300955FC9 /* image.jpeg */,
				FDB97DA51A97125400955FC9 /* Info.plist */,
			);
			name = "Supporting Files";
			sourceTree = "<group>";
		};
		FDB97DB91A97125400955FC9 /* CoreImageViewTests */ = {
			isa = PBXGroup;
			children = (
				FDB97DBC1A97125400955FC9 /* CoreImageViewTests.swift */,
				FDB97DBA1A97125400955FC9 /* Supporting Files */,
			);
			path = CoreImageViewTests;
			sourceTree = "<group>";
		};
		FDB97DBA1A97125400955FC9 /* Supporting Files */ = {
			isa = PBXGroup;
			children = (
				FDB97DBB1A97125400955FC9 /* Info.plist */,
			);
			name = "Supporting Files";
			sourceTree = "<group>";
		};
/* End PBXGroup section */

/* Begin PBXNativeTarget section */
		FDB97DA01A97125400955FC9 /* CoreImageView */ = {
			isa = PBXNativeTarget;
			buildConfigurationList = FDB97DC01A97125400955FC9 /* Build configuration list for PBXNativeTarget "CoreImageView" */;
			buildPhases = (
				FDB97D9D1A97125400955FC9 /* Sources */,
				FDB97D9E1A97125400955FC9 /* Frameworks */,
				FDB97D9F1A97125400955FC9 /* Resources */,
			);
			buildRules = (
			);
			dependencies = (
			);
			name = CoreImageView;
			productName = CoreImageView;
			productReference = FDB97DA11A97125400955FC9 /* CoreImageView.app */;
			productType = "com.apple.product-type.application";
		};
		FDB97DB51A97125400955FC9 /* CoreImageViewTests */ = {
			isa = PBXNativeTarget;
			buildConfigurationList = FDB97DC31A97125400955FC9 /* Build configuration list for PBXNativeTarget "CoreImageViewTests" */;
			buildPhases = (
				FDB97DB21A97125400955FC9 /* Sources */,
				FDB97DB31A97125400955FC9 /* Frameworks */,
				FDB97DB41A97125400955FC9 /* Resources */,
			);
			buildRules = (
			);
			dependencies = (
				FDB97DB81A97125400955FC9 /* PBXTargetDependency */,
			);
			name = CoreImageViewTests;
			productName = CoreImageViewTests;
			productReference = FDB97DB61A97125400955FC9 /* CoreImageViewTests.xctest */;
			productType = "com.apple.product-type.bundle.unit-test";
		};
/* End PBXNativeTarget section */

/* Begin PBXProject section */
		FDB97D991A97125400955FC9 /* Project object */ = {
			isa = PBXProject;
			attributes = {
				LastUpgradeCheck = 0600;
				ORGANIZATIONNAME = iStudents;
				TargetAttributes = {
					FDB97DA01A97125400955FC9 = {
						CreatedOnToolsVersion = 6.0;
					};
					FDB97DB51A97125400955FC9 = {
						CreatedOnToolsVersion = 6.0;
						TestTargetID = FDB97DA01A97125400955FC9;
					};
				};
			};
			buildConfigurationList = FDB97D9C1A97125400955FC9 /* Build configuration list for PBXProject "CoreImageView" */;
			compatibilityVersion = "Xcode 3.2";
			developmentRegion = English;
			hasScannedForEncodings = 0;
			knownRegions = (
				en,
				Base,
			);
			mainGroup = FDB97D981A97125400955FC9;
			productRefGroup = FDB97DA21A97125400955FC9 /* Products */;
			projectDirPath = "";
			projectRoot = "";
			targets = (
				FDB97DA01A97125400955FC9 /* CoreImageView */,
				FDB97DB51A97125400955FC9 /* CoreImageViewTests */,
			);
		};
/* End PBXProject section */

/* Begin PBXResourcesBuildPhase section */
		FDB97D9F1A97125400955FC9 /* Resources */ = {
			isa = PBXResourcesBuildPhase;
			buildActionMask = 2147483647;
			files = (
				FDB97DAC1A97125400955FC9 /* Main.storyboard in Resources */,
				FDB97DC71A971C6300955FC9 /* image.jpeg in Resources */,
				FDB97DB11A97125400955FC9 /* LaunchScreen.xib in Resources */,
				FDB97DAE1A97125400955FC9 /* Images.xcassets in Resources */,
			);
			runOnlyForDeploymentPostprocessing = 0;
		};
		FDB97DB41A97125400955FC9 /* Resources */ = {
			isa = PBXResourcesBuildPhase;
			buildActionMask = 2147483647;
			files = (
			);
			runOnlyForDeploymentPostprocessing = 0;
		};
/* End PBXResourcesBuildPhase section */

/* Begin PBXSourcesBuildPhase section */
		FDB97D9D1A97125400955FC9 /* Sources */ = {
			isa = PBXSourcesBuildPhase;
			buildActionMask = 2147483647;
			files = (
				FDB97DA91A97125400955FC9 /* ViewController.swift in Sources */,
				FDB97DA71A97125400955FC9 /* AppDelegate.swift in Sources */,
			);
			runOnlyForDeploymentPostprocessing = 0;
		};
		FDB97DB21A97125400955FC9 /* Sources */ = {
			isa = PBXSourcesBuildPhase;
			buildActionMask = 2147483647;
			files = (
				FDB97DBD1A97125400955FC9 /* CoreImageViewTests.swift in Sources */,
			);
			runOnlyForDeploymentPostprocessing = 0;
		};
/* End PBXSourcesBuildPhase section */

/* Begin PBXTargetDependency section */
		FDB97DB81A97125400955FC9 /* PBXTargetDependency */ = {
			isa = PBXTargetDependency;
			target = FDB97DA01A97125400955FC9 /* CoreImageView */;
			targetProxy = FDB97DB71A97125400955FC9 /* PBXContainerItemProxy */;
		};
/* End PBXTargetDependency section */

/* Begin PBXVariantGroup section */
		FDB97DAA1A97125400955FC9 /* Main.storyboard */ = {
			isa = PBXVariantGroup;
			children = (
				FDB97DAB1A97125400955FC9 /* Base */,
			);
			name = Main.storyboard;
			sourceTree = "<group>";
		};
		FDB97DAF1A97125400955FC9 /* LaunchScreen.xib */ = {
			isa = PBXVariantGroup;
			children = (
				FDB97DB01A97125400955FC9 /* Base */,
			);
			name = LaunchScreen.xib;
			sourceTree = "<group>";
		};
/* End PBXVariantGroup section */

/* Begin XCBuildConfiguration section */
		FDB97DBE1A97125400955FC9 /* Debug */ = {
			isa = XCBuildConfiguration;
			buildSettings = {
				ALWAYS_SEARCH_USER_PATHS = NO;
				CLANG_CXX_LANGUAGE_STANDARD = "gnu++0x";
				CLANG_CXX_LIBRARY = "libc++";
				CLANG_ENABLE_MODULES = YES;
				CLANG_ENABLE_OBJC_ARC = YES;
				CLANG_WARN_BOOL_CONVERSION = YES;
				CLANG_WARN_CONSTANT_CONVERSION = YES;
				CLANG_WARN_DIRECT_OBJC_ISA_USAGE = YES_ERROR;
				CLANG_WARN_EMPTY_BODY = YES;
				CLANG_WARN_ENUM_CONVERSION = YES;
				CLANG_WARN_INT_CONVERSION = YES;
				CLANG_WARN_OBJC_ROOT_CLASS = YES_ERROR;
				CLANG_WARN_UNREACHABLE_CODE = YES;
				CLANG_WARN__DUPLICATE_METHOD_MATCH = YES;
				"CODE_SIGN_IDENTITY[sdk=iphoneos*]" = "iPhone Developer";
				COPY_PHASE_STRIP = NO;
				ENABLE_STRICT_OBJC_MSGSEND = YES;
				GCC_C_LANGUAGE_STANDARD = gnu99;
				GCC_DYNAMIC_NO_PIC = NO;
				GCC_OPTIMIZATION_LEVEL = 0;
				GCC_PREPROCESSOR_DEFINITIONS = (
					"DEBUG=1",
					"$(inherited)",
				);
				GCC_SYMBOLS_PRIVATE_EXTERN = NO;
				GCC_WARN_64_TO_32_BIT_CONVERSION = YES;
				GCC_WARN_ABOUT_RETURN_TYPE = YES_ERROR;
				GCC_WARN_UNDECLARED_SELECTOR = YES;
				GCC_WARN_UNINITIALIZED_AUTOS = YES_AGGRESSIVE;
				GCC_WARN_UNUSED_FUNCTION = YES;
				GCC_WARN_UNUSED_VARIABLE = YES;
				IPHONEOS_DEPLOYMENT_TARGET = 8.0;
				MTL_ENABLE_DEBUG_INFO = YES;
				ONLY_ACTIVE_ARCH = YES;
				SDKROOT = iphoneos;
				SWIFT_OPTIMIZATION_LEVEL = "-Onone";
			};
			name = Debug;
		};
		FDB97DBF1A97125400955FC9 /* Release */ = {
			isa = XCBuildConfiguration;
			buildSettings = {
				ALWAYS_SEARCH_USER_PATHS = NO;
				CLANG_CXX_LANGUAGE_STANDARD = "gnu++0x";
				CLANG_CXX_LIBRARY = "libc++";
				CLANG_ENABLE_MODULES = YES;
				CLANG_ENABLE_OBJC_ARC = YES;
				CLANG_WARN_BOOL_CONVERSION = YES;
				CLANG_WARN_CONSTANT_CONVERSION = YES;
				CLANG_WARN_DIRECT_OBJC_ISA_USAGE = YES_ERROR;
				CLANG_WARN_EMPTY_BODY = YES;
				CLANG_WARN_ENUM_CONVERSION = YES;
				CLANG_WARN_INT_CONVERSION = YES;
				CLANG_WARN_OBJC_ROOT_CLASS = YES_ERROR;
				CLANG_WARN_UNREACHABLE_CODE = YES;
				CLANG_WARN__DUPLICATE_METHOD_MATCH = YES;
				"CODE_SIGN_IDENTITY[sdk=iphoneos*]" = "iPhone Developer";
				COPY_PHASE_STRIP = YES;
				ENABLE_NS_ASSERTIONS = NO;
				ENABLE_STRICT_OBJC_MSGSEND = YES;
				GCC_C_LANGUAGE_STANDARD = gnu99;
				GCC_WARN_64_TO_32_BIT_CONVERSION = YES;
				GCC_WARN_ABOUT_RETURN_TYPE = YES_ERROR;
				GCC_WARN_UNDECLARED_SELECTOR = YES;
				GCC_WARN_UNINITIALIZED_AUTOS = YES_AGGRESSIVE;
				GCC_WARN_UNUSED_FUNCTION = YES;
				GCC_WARN_UNUSED_VARIABLE = YES;
				IPHONEOS_DEPLOYMENT_TARGET = 8.0;
				MTL_ENABLE_DEBUG_INFO = NO;
				SDKROOT = iphoneos;
				VALIDATE_PRODUCT = YES;
			};
			name = Release;
		};
		FDB97DC11A97125400955FC9 /* Debug */ = {
			isa = XCBuildConfiguration;
			buildSettings = {
				ASSETCATALOG_COMPILER_APPICON_NAME = AppIcon;
				INFOPLIST_FILE = CoreImageView/Info.plist;
				LD_RUNPATH_SEARCH_PATHS = "$(inherited) @executable_path/Frameworks";
				PRODUCT_NAME = "$(TARGET_NAME)";
			};
			name = Debug;
		};
		FDB97DC21A97125400955FC9 /* Release */ = {
			isa = XCBuildConfiguration;
			buildSettings = {
				ASSETCATALOG_COMPILER_APPICON_NAME = AppIcon;
				INFOPLIST_FILE = CoreImageView/Info.plist;
				LD_RUNPATH_SEARCH_PATHS = "$(inherited) @executable_path/Frameworks";
				PRODUCT_NAME = "$(TARGET_NAME)";
			};
			name = Release;
		};
		FDB97DC41A97125400955FC9 /* Debug */ = {
			isa = XCBuildConfiguration;
			buildSettings = {
				BUNDLE_LOADER = "$(TEST_HOST)";
				FRAMEWORK_SEARCH_PATHS = (
					"$(SDKROOT)/Developer/Library/Frameworks",
					"$(inherited)",
				);
				GCC_PREPROCESSOR_DEFINITIONS = (
					"DEBUG=1",
					"$(inherited)",
				);
				INFOPLIST_FILE = CoreImageViewTests/Info.plist;
				LD_RUNPATH_SEARCH_PATHS = "$(inherited) @executable_path/Frameworks @loader_path/Frameworks";
				PRODUCT_NAME = "$(TARGET_NAME)";
				TEST_HOST = "$(BUILT_PRODUCTS_DIR)/CoreImageView.app/CoreImageView";
			};
			name = Debug;
		};
		FDB97DC51A97125400955FC9 /* Release */ = {
			isa = XCBuildConfiguration;
			buildSettings = {
				BUNDLE_LOADER = "$(TEST_HOST)";
				FRAMEWORK_SEARCH_PATHS = (
					"$(SDKROOT)/Developer/Library/Frameworks",
					"$(inherited)",
				);
				INFOPLIST_FILE = CoreImageViewTests/Info.plist;
				LD_RUNPATH_SEARCH_PATHS = "$(inherited) @executable_path/Frameworks @loader_path/Frameworks";
				PRODUCT_NAME = "$(TARGET_NAME)";
				TEST_HOST = "$(BUILT_PRODUCTS_DIR)/CoreImageView.app/CoreImageView";
			};
			name = Release;
		};
/* End XCBuildConfiguration section */

/* Begin XCConfigurationList section */
		FDB97D9C1A97125400955FC9 /* Build configuration list for PBXProject "CoreImageView" */ = {
			isa = XCConfigurationList;
			buildConfigurations = (
				FDB97DBE1A97125400955FC9 /* Debug */,
				FDB97DBF1A97125400955FC9 /* Release */,
			);
			defaultConfigurationIsVisible = 0;
			defaultConfigurationName = Release;
		};
		FDB97DC01A97125400955FC9 /* Build configuration list for PBXNativeTarget "CoreImageView" */ = {
			isa = XCConfigurationList;
			buildConfigurations = (
				FDB97DC11A97125400955FC9 /* Debug */,
				FDB97DC21A97125400955FC9 /* Release */,
			);
			defaultConfigurationIsVisible = 0;
		};
		FDB97DC31A97125400955FC9 /* Build configuration list for PBXNativeTarget "CoreImageViewTests" */ = {
			isa = XCConfigurationList;
			buildConfigurations = (
				FDB97DC41A97125400955FC9 /* Debug */,
				FDB97DC51A97125400955FC9 /* Release */,
			);
			defaultConfigurationIsVisible = 0;
		};
/* End XCConfigurationList section */
	};
	rootObject = FDB97D991A97125400955FC9 /* Project object */;
}
