// !$*UTF8*$!
{
	archiveVersion = 1;
	classes = {
	};
	objectVersion = 46;
	objects = {

/* Begin PBXBuildFile section */
		FDF8AD751AA9A6E90013BE99 /* AppDelegate.swift in Sources */ = {isa = PBXBuildFile; fileRef = FDF8AD741AA9A6E90013BE99 /* AppDelegate.swift */; };
		FDF8AD771AA9A6E90013BE99 /* ViewController.swift in Sources */ = {isa = PBXBuildFile; fileRef = FDF8AD761AA9A6E90013BE99 /* ViewController.swift */; };
		FDF8AD7A1AA9A6E90013BE99 /* Main.storyboard in Resources */ = {isa = PBXBuildFile; fileRef = FDF8AD781AA9A6E90013BE99 /* Main.storyboard */; };
		FDF8AD7C1AA9A6E90013BE99 /* Images.xcassets in Resources */ = {isa = PBXBuildFile; fileRef = FDF8AD7B1AA9A6E90013BE99 /* Images.xcassets */; };
		FDF8AD7F1AA9A6E90013BE99 /* LaunchScreen.xib in Resources */ = {isa = PBXBuildFile; fileRef = FDF8AD7D1AA9A6E90013BE99 /* LaunchScreen.xib */; };
		FDF8AD8B1AA9A6E90013BE99 /* presentMSUTests.swift in Sources */ = {isa = PBXBuildFile; fileRef = FDF8AD8A1AA9A6E90013BE99 /* presentMSUTests.swift */; };
		FDF8AD961AA9A8980013BE99 /* DSC_4451.jpg in Resources */ = {isa = PBXBuildFile; fileRef = FDF8AD941AA9A8980013BE99 /* DSC_4451.jpg */; };
		FDF8AD971AA9A8980013BE99 /* map_msu02_f.jpg in Resources */ = {isa = PBXBuildFile; fileRef = FDF8AD951AA9A8980013BE99 /* map_msu02_f.jpg */; };
		FDF8AD9B1AA9A8A80013BE99 /* header.jpg in Resources */ = {isa = PBXBuildFile; fileRef = FDF8AD981AA9A8A80013BE99 /* header.jpg */; };
		FDF8AD9C1AA9A8A80013BE99 /* post-2091-1290480108.jpg in Resources */ = {isa = PBXBuildFile; fileRef = FDF8AD991AA9A8A80013BE99 /* post-2091-1290480108.jpg */; };
		FDF8AD9D1AA9A8A80013BE99 /* post-2091-1290480250.jpg in Resources */ = {isa = PBXBuildFile; fileRef = FDF8AD9A1AA9A8A80013BE99 /* post-2091-1290480250.jpg */; };
/* End PBXBuildFile section */

/* Begin PBXContainerItemProxy section */
		FDF8AD851AA9A6E90013BE99 /* PBXContainerItemProxy */ = {
			isa = PBXContainerItemProxy;
			containerPortal = FDF8AD671AA9A6E90013BE99 /* Project object */;
			proxyType = 1;
			remoteGlobalIDString = FDF8AD6E1AA9A6E90013BE99;
			remoteInfo = presentMSU;
		};
/* End PBXContainerItemProxy section */

/* Begin PBXFileReference section */
		FDF8AD6F1AA9A6E90013BE99 /* presentMSU.app */ = {isa = PBXFileReference; explicitFileType = wrapper.application; includeInIndex = 0; path = presentMSU.app; sourceTree = BUILT_PRODUCTS_DIR; };
		FDF8AD731AA9A6E90013BE99 /* Info.plist */ = {isa = PBXFileReference; lastKnownFileType = text.plist.xml; path = Info.plist; sourceTree = "<group>"; };
		FDF8AD741AA9A6E90013BE99 /* AppDelegate.swift */ = {isa = PBXFileReference; lastKnownFileType = sourcecode.swift; path = AppDelegate.swift; sourceTree = "<group>"; };
		FDF8AD761AA9A6E90013BE99 /* ViewController.swift */ = {isa = PBXFileReference; lastKnownFileType = sourcecode.swift; path = ViewController.swift; sourceTree = "<group>"; };
		FDF8AD791AA9A6E90013BE99 /* Base */ = {isa = PBXFileReference; lastKnownFileType = file.storyboard; name = Base; path = Base.lproj/Main.storyboard; sourceTree = "<group>"; };
		FDF8AD7B1AA9A6E90013BE99 /* Images.xcassets */ = {isa = PBXFileReference; lastKnownFileType = folder.assetcatalog; path = Images.xcassets; sourceTree = "<group>"; };
		FDF8AD7E1AA9A6E90013BE99 /* Base */ = {isa = PBXFileReference; lastKnownFileType = file.xib; name = Base; path = Base.lproj/LaunchScreen.xib; sourceTree = "<group>"; };
		FDF8AD841AA9A6E90013BE99 /* presentMSUTests.xctest */ = {isa = PBXFileReference; explicitFileType = wrapper.cfbundle; includeInIndex = 0; path = presentMSUTests.xctest; sourceTree = BUILT_PRODUCTS_DIR; };
		FDF8AD891AA9A6E90013BE99 /* Info.plist */ = {isa = PBXFileReference; lastKnownFileType = text.plist.xml; path = Info.plist; sourceTree = "<group>"; };
		FDF8AD8A1AA9A6E90013BE99 /* presentMSUTests.swift */ = {isa = PBXFileReference; lastKnownFileType = sourcecode.swift; path = presentMSUTests.swift; sourceTree = "<group>"; };
		FDF8AD941AA9A8980013BE99 /* DSC_4451.jpg */ = {isa = PBXFileReference; lastKnownFileType = image.jpeg; path = DSC_4451.jpg; sourceTree = SOURCE_ROOT; };
		FDF8AD951AA9A8980013BE99 /* map_msu02_f.jpg */ = {isa = PBXFileReference; lastKnownFileType = image.jpeg; path = map_msu02_f.jpg; sourceTree = SOURCE_ROOT; };
		FDF8AD981AA9A8A80013BE99 /* header.jpg */ = {isa = PBXFileReference; lastKnownFileType = image.jpeg; path = header.jpg; sourceTree = SOURCE_ROOT; };
		FDF8AD991AA9A8A80013BE99 /* post-2091-1290480108.jpg */ = {isa = PBXFileReference; lastKnownFileType = image.jpeg; path = "post-2091-1290480108.jpg"; sourceTree = SOURCE_ROOT; };
		FDF8AD9A1AA9A8A80013BE99 /* post-2091-1290480250.jpg */ = {isa = PBXFileReference; lastKnownFileType = image.jpeg; path = "post-2091-1290480250.jpg"; sourceTree = SOURCE_ROOT; };
/* End PBXFileReference section */

/* Begin PBXFrameworksBuildPhase section */
		FDF8AD6C1AA9A6E90013BE99 /* Frameworks */ = {
			isa = PBXFrameworksBuildPhase;
			buildActionMask = 2147483647;
			files = (
			);
			runOnlyForDeploymentPostprocessing = 0;
		};
		FDF8AD811AA9A6E90013BE99 /* Frameworks */ = {
			isa = PBXFrameworksBuildPhase;
			buildActionMask = 2147483647;
			files = (
			);
			runOnlyForDeploymentPostprocessing = 0;
		};
/* End PBXFrameworksBuildPhase section */

/* Begin PBXGroup section */
		FDF8AD661AA9A6E90013BE99 = {
			isa = PBXGroup;
			children = (
				FDF8AD711AA9A6E90013BE99 /* presentMSU */,
				FDF8AD871AA9A6E90013BE99 /* presentMSUTests */,
				FDF8AD701AA9A6E90013BE99 /* Products */,
			);
			sourceTree = "<group>";
		};
		FDF8AD701AA9A6E90013BE99 /* Products */ = {
			isa = PBXGroup;
			children = (
				FDF8AD6F1AA9A6E90013BE99 /* presentMSU.app */,
				FDF8AD841AA9A6E90013BE99 /* presentMSUTests.xctest */,
			);
			name = Products;
			sourceTree = "<group>";
		};
		FDF8AD711AA9A6E90013BE99 /* presentMSU */ = {
			isa = PBXGroup;
			children = (
				FDF8AD741AA9A6E90013BE99 /* AppDelegate.swift */,
				FDF8AD761AA9A6E90013BE99 /* ViewController.swift */,
				FDF8AD781AA9A6E90013BE99 /* Main.storyboard */,
				FDF8AD7B1AA9A6E90013BE99 /* Images.xcassets */,
				FDF8AD7D1AA9A6E90013BE99 /* LaunchScreen.xib */,
				FDF8AD721AA9A6E90013BE99 /* Supporting Files */,
			);
			path = presentMSU;
			sourceTree = "<group>";
		};
		FDF8AD721AA9A6E90013BE99 /* Supporting Files */ = {
			isa = PBXGroup;
			children = (
				FDF8AD981AA9A8A80013BE99 /* header.jpg */,
				FDF8AD991AA9A8A80013BE99 /* post-2091-1290480108.jpg */,
				FDF8AD9A1AA9A8A80013BE99 /* post-2091-1290480250.jpg */,
				FDF8AD941AA9A8980013BE99 /* DSC_4451.jpg */,
				FDF8AD951AA9A8980013BE99 /* map_msu02_f.jpg */,
				FDF8AD731AA9A6E90013BE99 /* Info.plist */,
			);
			name = "Supporting Files";
			sourceTree = "<group>";
		};
		FDF8AD871AA9A6E90013BE99 /* presentMSUTests */ = {
			isa = PBXGroup;
			children = (
				FDF8AD8A1AA9A6E90013BE99 /* presentMSUTests.swift */,
				FDF8AD881AA9A6E90013BE99 /* Supporting Files */,
			);
			path = presentMSUTests;
			sourceTree = "<group>";
		};
		FDF8AD881AA9A6E90013BE99 /* Supporting Files */ = {
			isa = PBXGroup;
			children = (
				FDF8AD891AA9A6E90013BE99 /* Info.plist */,
			);
			name = "Supporting Files";
			sourceTree = "<group>";
		};
/* End PBXGroup section */

/* Begin PBXNativeTarget section */
		FDF8AD6E1AA9A6E90013BE99 /* presentMSU */ = {
			isa = PBXNativeTarget;
			buildConfigurationList = FDF8AD8E1AA9A6E90013BE99 /* Build configuration list for PBXNativeTarget "presentMSU" */;
			buildPhases = (
				FDF8AD6B1AA9A6E90013BE99 /* Sources */,
				FDF8AD6C1AA9A6E90013BE99 /* Frameworks */,
				FDF8AD6D1AA9A6E90013BE99 /* Resources */,
			);
			buildRules = (
			);
			dependencies = (
			);
			name = presentMSU;
			productName = presentMSU;
			productReference = FDF8AD6F1AA9A6E90013BE99 /* presentMSU.app */;
			productType = "com.apple.product-type.application";
		};
		FDF8AD831AA9A6E90013BE99 /* presentMSUTests */ = {
			isa = PBXNativeTarget;
			buildConfigurationList = FDF8AD911AA9A6E90013BE99 /* Build configuration list for PBXNativeTarget "presentMSUTests" */;
			buildPhases = (
				FDF8AD801AA9A6E90013BE99 /* Sources */,
				FDF8AD811AA9A6E90013BE99 /* Frameworks */,
				FDF8AD821AA9A6E90013BE99 /* Resources */,
			);
			buildRules = (
			);
			dependencies = (
				FDF8AD861AA9A6E90013BE99 /* PBXTargetDependency */,
			);
			name = presentMSUTests;
			productName = presentMSUTests;
			productReference = FDF8AD841AA9A6E90013BE99 /* presentMSUTests.xctest */;
			productType = "com.apple.product-type.bundle.unit-test";
		};
/* End PBXNativeTarget section */

/* Begin PBXProject section */
		FDF8AD671AA9A6E90013BE99 /* Project object */ = {
			isa = PBXProject;
			attributes = {
				LastUpgradeCheck = 0600;
				ORGANIZATIONNAME = iStudents;
				TargetAttributes = {
					FDF8AD6E1AA9A6E90013BE99 = {
						CreatedOnToolsVersion = 6.0;
					};
					FDF8AD831AA9A6E90013BE99 = {
						CreatedOnToolsVersion = 6.0;
						TestTargetID = FDF8AD6E1AA9A6E90013BE99;
					};
				};
			};
			buildConfigurationList = FDF8AD6A1AA9A6E90013BE99 /* Build configuration list for PBXProject "presentMSU" */;
			compatibilityVersion = "Xcode 3.2";
			developmentRegion = English;
			hasScannedForEncodings = 0;
			knownRegions = (
				en,
				Base,
			);
			mainGroup = FDF8AD661AA9A6E90013BE99;
			productRefGroup = FDF8AD701AA9A6E90013BE99 /* Products */;
			projectDirPath = "";
			projectRoot = "";
			targets = (
				FDF8AD6E1AA9A6E90013BE99 /* presentMSU */,
				FDF8AD831AA9A6E90013BE99 /* presentMSUTests */,
			);
		};
/* End PBXProject section */

/* Begin PBXResourcesBuildPhase section */
		FDF8AD6D1AA9A6E90013BE99 /* Resources */ = {
			isa = PBXResourcesBuildPhase;
			buildActionMask = 2147483647;
			files = (
				FDF8AD971AA9A8980013BE99 /* map_msu02_f.jpg in Resources */,
				FDF8AD7A1AA9A6E90013BE99 /* Main.storyboard in Resources */,
				FDF8AD9D1AA9A8A80013BE99 /* post-2091-1290480250.jpg in Resources */,
				FDF8AD9B1AA9A8A80013BE99 /* header.jpg in Resources */,
				FDF8AD9C1AA9A8A80013BE99 /* post-2091-1290480108.jpg in Resources */,
				FDF8AD7F1AA9A6E90013BE99 /* LaunchScreen.xib in Resources */,
				FDF8AD961AA9A8980013BE99 /* DSC_4451.jpg in Resources */,
				FDF8AD7C1AA9A6E90013BE99 /* Images.xcassets in Resources */,
			);
			runOnlyForDeploymentPostprocessing = 0;
		};
		FDF8AD821AA9A6E90013BE99 /* Resources */ = {
			isa = PBXResourcesBuildPhase;
			buildActionMask = 2147483647;
			files = (
			);
			runOnlyForDeploymentPostprocessing = 0;
		};
/* End PBXResourcesBuildPhase section */

/* Begin PBXSourcesBuildPhase section */
		FDF8AD6B1AA9A6E90013BE99 /* Sources */ = {
			isa = PBXSourcesBuildPhase;
			buildActionMask = 2147483647;
			files = (
				FDF8AD771AA9A6E90013BE99 /* ViewController.swift in Sources */,
				FDF8AD751AA9A6E90013BE99 /* AppDelegate.swift in Sources */,
			);
			runOnlyForDeploymentPostprocessing = 0;
		};
		FDF8AD801AA9A6E90013BE99 /* Sources */ = {
			isa = PBXSourcesBuildPhase;
			buildActionMask = 2147483647;
			files = (
				FDF8AD8B1AA9A6E90013BE99 /* presentMSUTests.swift in Sources */,
			);
			runOnlyForDeploymentPostprocessing = 0;
		};
/* End PBXSourcesBuildPhase section */

/* Begin PBXTargetDependency section */
		FDF8AD861AA9A6E90013BE99 /* PBXTargetDependency */ = {
			isa = PBXTargetDependency;
			target = FDF8AD6E1AA9A6E90013BE99 /* presentMSU */;
			targetProxy = FDF8AD851AA9A6E90013BE99 /* PBXContainerItemProxy */;
		};
/* End PBXTargetDependency section */

/* Begin PBXVariantGroup section */
		FDF8AD781AA9A6E90013BE99 /* Main.storyboard */ = {
			isa = PBXVariantGroup;
			children = (
				FDF8AD791AA9A6E90013BE99 /* Base */,
			);
			name = Main.storyboard;
			sourceTree = "<group>";
		};
		FDF8AD7D1AA9A6E90013BE99 /* LaunchScreen.xib */ = {
			isa = PBXVariantGroup;
			children = (
				FDF8AD7E1AA9A6E90013BE99 /* Base */,
			);
			name = LaunchScreen.xib;
			sourceTree = "<group>";
		};
/* End PBXVariantGroup section */

/* Begin XCBuildConfiguration section */
		FDF8AD8C1AA9A6E90013BE99 /* Debug */ = {
			isa = XCBuildConfiguration;
			buildSettings = {
				ALWAYS_SEARCH_USER_PATHS = NO;
				CLANG_CXX_LANGUAGE_STANDARD = "gnu++0x";
				CLANG_CXX_LIBRARY = "libc++";
				CLANG_ENABLE_MODULES = YES;
				CLANG_ENABLE_OBJC_ARC = YES;
				CLANG_WARN_BOOL_CONVERSION = YES;
				CLANG_WARN_CONSTANT_CONVERSION = YES;
				CLANG_WARN_DIRECT_OBJC_ISA_USAGE = YES_ERROR;
				CLANG_WARN_EMPTY_BODY = YES;
				CLANG_WARN_ENUM_CONVERSION = YES;
				CLANG_WARN_INT_CONVERSION = YES;
				CLANG_WARN_OBJC_ROOT_CLASS = YES_ERROR;
				CLANG_WARN_UNREACHABLE_CODE = YES;
				CLANG_WARN__DUPLICATE_METHOD_MATCH = YES;
				"CODE_SIGN_IDENTITY[sdk=iphoneos*]" = "iPhone Developer";
				COPY_PHASE_STRIP = NO;
				ENABLE_STRICT_OBJC_MSGSEND = YES;
				GCC_C_LANGUAGE_STANDARD = gnu99;
				GCC_DYNAMIC_NO_PIC = NO;
				GCC_OPTIMIZATION_LEVEL = 0;
				GCC_PREPROCESSOR_DEFINITIONS = (
					"DEBUG=1",
					"$(inherited)",
				);
				GCC_SYMBOLS_PRIVATE_EXTERN = NO;
				GCC_WARN_64_TO_32_BIT_CONVERSION = YES;
				GCC_WARN_ABOUT_RETURN_TYPE = YES_ERROR;
				GCC_WARN_UNDECLARED_SELECTOR = YES;
				GCC_WARN_UNINITIALIZED_AUTOS = YES_AGGRESSIVE;
				GCC_WARN_UNUSED_FUNCTION = YES;
				GCC_WARN_UNUSED_VARIABLE = YES;
				IPHONEOS_DEPLOYMENT_TARGET = 8.0;
				MTL_ENABLE_DEBUG_INFO = YES;
				ONLY_ACTIVE_ARCH = YES;
				SDKROOT = iphoneos;
				SWIFT_OPTIMIZATION_LEVEL = "-Onone";
			};
			name = Debug;
		};
		FDF8AD8D1AA9A6E90013BE99 /* Release */ = {
			isa = XCBuildConfiguration;
			buildSettings = {
				ALWAYS_SEARCH_USER_PATHS = NO;
				CLANG_CXX_LANGUAGE_STANDARD = "gnu++0x";
				CLANG_CXX_LIBRARY = "libc++";
				CLANG_ENABLE_MODULES = YES;
				CLANG_ENABLE_OBJC_ARC = YES;
				CLANG_WARN_BOOL_CONVERSION = YES;
				CLANG_WARN_CONSTANT_CONVERSION = YES;
				CLANG_WARN_DIRECT_OBJC_ISA_USAGE = YES_ERROR;
				CLANG_WARN_EMPTY_BODY = YES;
				CLANG_WARN_ENUM_CONVERSION = YES;
				CLANG_WARN_INT_CONVERSION = YES;
				CLANG_WARN_OBJC_ROOT_CLASS = YES_ERROR;
				CLANG_WARN_UNREACHABLE_CODE = YES;
				CLANG_WARN__DUPLICATE_METHOD_MATCH = YES;
				"CODE_SIGN_IDENTITY[sdk=iphoneos*]" = "iPhone Developer";
				COPY_PHASE_STRIP = YES;
				ENABLE_NS_ASSERTIONS = NO;
				ENABLE_STRICT_OBJC_MSGSEND = YES;
				GCC_C_LANGUAGE_STANDARD = gnu99;
				GCC_WARN_64_TO_32_BIT_CONVERSION = YES;
				GCC_WARN_ABOUT_RETURN_TYPE = YES_ERROR;
				GCC_WARN_UNDECLARED_SELECTOR = YES;
				GCC_WARN_UNINITIALIZED_AUTOS = YES_AGGRESSIVE;
				GCC_WARN_UNUSED_FUNCTION = YES;
				GCC_WARN_UNUSED_VARIABLE = YES;
				IPHONEOS_DEPLOYMENT_TARGET = 8.0;
				MTL_ENABLE_DEBUG_INFO = NO;
				SDKROOT = iphoneos;
				VALIDATE_PRODUCT = YES;
			};
			name = Release;
		};
		FDF8AD8F1AA9A6E90013BE99 /* Debug */ = {
			isa = XCBuildConfiguration;
			buildSettings = {
				ASSETCATALOG_COMPILER_APPICON_NAME = AppIcon;
				INFOPLIST_FILE = presentMSU/Info.plist;
				LD_RUNPATH_SEARCH_PATHS = "$(inherited) @executable_path/Frameworks";
				PRODUCT_NAME = "$(TARGET_NAME)";
			};
			name = Debug;
		};
		FDF8AD901AA9A6E90013BE99 /* Release */ = {
			isa = XCBuildConfiguration;
			buildSettings = {
				ASSETCATALOG_COMPILER_APPICON_NAME = AppIcon;
				INFOPLIST_FILE = presentMSU/Info.plist;
				LD_RUNPATH_SEARCH_PATHS = "$(inherited) @executable_path/Frameworks";
				PRODUCT_NAME = "$(TARGET_NAME)";
			};
			name = Release;
		};
		FDF8AD921AA9A6E90013BE99 /* Debug */ = {
			isa = XCBuildConfiguration;
			buildSettings = {
				BUNDLE_LOADER = "$(TEST_HOST)";
				FRAMEWORK_SEARCH_PATHS = (
					"$(SDKROOT)/Developer/Library/Frameworks",
					"$(inherited)",
				);
				GCC_PREPROCESSOR_DEFINITIONS = (
					"DEBUG=1",
					"$(inherited)",
				);
				INFOPLIST_FILE = presentMSUTests/Info.plist;
				LD_RUNPATH_SEARCH_PATHS = "$(inherited) @executable_path/Frameworks @loader_path/Frameworks";
				PRODUCT_NAME = "$(TARGET_NAME)";
				TEST_HOST = "$(BUILT_PRODUCTS_DIR)/presentMSU.app/presentMSU";
			};
			name = Debug;
		};
		FDF8AD931AA9A6E90013BE99 /* Release */ = {
			isa = XCBuildConfiguration;
			buildSettings = {
				BUNDLE_LOADER = "$(TEST_HOST)";
				FRAMEWORK_SEARCH_PATHS = (
					"$(SDKROOT)/Developer/Library/Frameworks",
					"$(inherited)",
				);
				INFOPLIST_FILE = presentMSUTests/Info.plist;
				LD_RUNPATH_SEARCH_PATHS = "$(inherited) @executable_path/Frameworks @loader_path/Frameworks";
				PRODUCT_NAME = "$(TARGET_NAME)";
				TEST_HOST = "$(BUILT_PRODUCTS_DIR)/presentMSU.app/presentMSU";
			};
			name = Release;
		};
/* End XCBuildConfiguration section */

/* Begin XCConfigurationList section */
		FDF8AD6A1AA9A6E90013BE99 /* Build configuration list for PBXProject "presentMSU" */ = {
			isa = XCConfigurationList;
			buildConfigurations = (
				FDF8AD8C1AA9A6E90013BE99 /* Debug */,
				FDF8AD8D1AA9A6E90013BE99 /* Release */,
			);
			defaultConfigurationIsVisible = 0;
			defaultConfigurationName = Release;
		};
		FDF8AD8E1AA9A6E90013BE99 /* Build configuration list for PBXNativeTarget "presentMSU" */ = {
			isa = XCConfigurationList;
			buildConfigurations = (
				FDF8AD8F1AA9A6E90013BE99 /* Debug */,
				FDF8AD901AA9A6E90013BE99 /* Release */,
			);
			defaultConfigurationIsVisible = 0;
		};
		FDF8AD911AA9A6E90013BE99 /* Build configuration list for PBXNativeTarget "presentMSUTests" */ = {
			isa = XCConfigurationList;
			buildConfigurations = (
				FDF8AD921AA9A6E90013BE99 /* Debug */,
				FDF8AD931AA9A6E90013BE99 /* Release */,
			);
			defaultConfigurationIsVisible = 0;
		};
/* End XCConfigurationList section */
	};
	rootObject = FDF8AD671AA9A6E90013BE99 /* Project object */;
}
